
Microsoft Visual Studio Solution File, Format Version 12.00
# Visual Studio Version 17
VisualStudioVersion = 17.3.32825.248
MinimumVisualStudioVersion = 10.0.40219.1
Project("{FAE04EC0-301F-11D3-BF4B-00C04F79EFBC}") = "Laba1", "Laba1.csproj", "{3FAA792A-5740-4094-AA77-1D3DB2BA6D94}"
EndProject
Global
	GlobalSection(SolutionConfigurationPlatforms) = preSolution
		Debug|Any CPU = Debug|Any CPU
		Release|Any CPU = Release|Any CPU
	EndGlobalSection
	GlobalSection(ProjectConfigurationPlatforms) = postSolution
		{3FAA792A-5740-4094-AA77-1D3DB2BA6D94}.Debug|Any CPU.ActiveCfg = Debug|Any CPU
		{3FAA792A-5740-4094-AA77-1D3DB2BA6D94}.Debug|Any CPU.Build.0 = Debug|Any CPU
		{3FAA792A-5740-4094-AA77-1D3DB2BA6D94}.Release|Any CPU.ActiveCfg = Release|Any CPU
		{3FAA792A-5740-4094-AA77-1D3DB2BA6D94}.Release|Any CPU.Build.0 = Release|Any CPU
	EndGlobalSection
	GlobalSection(SolutionProperties) = preSolution
		HideSolutionNode = FALSE
	EndGlobalSection
	GlobalSection(ExtensibilityGlobals) = postSolution
		SolutionGuid = {B4833026-EE95-45C8-AC8A-A51E5D94794B}
	EndGlobalSection
EndGlobal
