
Microsoft Visual Studio Solution File, Format Version 12.00
# Visual Studio Version 17
VisualStudioVersion = 17.3.32825.248
MinimumVisualStudioVersion = 10.0.40219.1
Project("{FAE04EC0-301F-11D3-BF4B-00C04F79EFBC}") = "Laba11", "Laba11.csproj", "{ED63B13A-07E3-4E0D-A6D0-14B5DED34A5F}"
EndProject
Global
	GlobalSection(SolutionConfigurationPlatforms) = preSolution
		Debug|Any CPU = Debug|Any CPU
		Release|Any CPU = Release|Any CPU
	EndGlobalSection
	GlobalSection(ProjectConfigurationPlatforms) = postSolution
		{ED63B13A-07E3-4E0D-A6D0-14B5DED34A5F}.Debug|Any CPU.ActiveCfg = Debug|Any CPU
		{ED63B13A-07E3-4E0D-A6D0-14B5DED34A5F}.Debug|Any CPU.Build.0 = Debug|Any CPU
		{ED63B13A-07E3-4E0D-A6D0-14B5DED34A5F}.Release|Any CPU.ActiveCfg = Release|Any CPU
		{ED63B13A-07E3-4E0D-A6D0-14B5DED34A5F}.Release|Any CPU.Build.0 = Release|Any CPU
	EndGlobalSection
	GlobalSection(SolutionProperties) = preSolution
		HideSolutionNode = FALSE
	EndGlobalSection
	GlobalSection(ExtensibilityGlobals) = postSolution
		SolutionGuid = {2E51BE0E-34B2-49EC-AFC9-96E62CAF56BF}
	EndGlobalSection
EndGlobal
